
Microsoft Visual Studio Solution File, Format Version 12.00
# Visual Studio Version 16
VisualStudioVersion = 16.0.29230.47
MinimumVisualStudioVersion = 10.0.40219.1
Project("{FAE04EC0-301F-11D3-BF4B-00C04F79EFBC}") = "Waterskibaan", "Waterskibaan\Waterskibaan.csproj", "{B07F8CA5-5C19-4BDA-95D4-51D0E4038BEB}"
EndProject
Project("{FAE04EC0-301F-11D3-BF4B-00C04F79EFBC}") = "WaterskibaanVisual", "WaterskibaanVisual\WaterskibaanVisual.csproj", "{9DC0C7BA-3215-4D5B-9741-6A90F167E0E9}"
EndProject
Global
	GlobalSection(SolutionConfigurationPlatforms) = preSolution
		Debug|Any CPU = Debug|Any CPU
		Release|Any CPU = Release|Any CPU
	EndGlobalSection
	GlobalSection(ProjectConfigurationPlatforms) = postSolution
		{B07F8CA5-5C19-4BDA-95D4-51D0E4038BEB}.Debug|Any CPU.ActiveCfg = Debug|Any CPU
		{B07F8CA5-5C19-4BDA-95D4-51D0E4038BEB}.Debug|Any CPU.Build.0 = Debug|Any CPU
		{B07F8CA5-5C19-4BDA-95D4-51D0E4038BEB}.Release|Any CPU.ActiveCfg = Release|Any CPU
		{B07F8CA5-5C19-4BDA-95D4-51D0E4038BEB}.Release|Any CPU.Build.0 = Release|Any CPU
		{9DC0C7BA-3215-4D5B-9741-6A90F167E0E9}.Debug|Any CPU.ActiveCfg = Debug|Any CPU
		{9DC0C7BA-3215-4D5B-9741-6A90F167E0E9}.Debug|Any CPU.Build.0 = Debug|Any CPU
		{9DC0C7BA-3215-4D5B-9741-6A90F167E0E9}.Release|Any CPU.ActiveCfg = Release|Any CPU
		{9DC0C7BA-3215-4D5B-9741-6A90F167E0E9}.Release|Any CPU.Build.0 = Release|Any CPU
	EndGlobalSection
	GlobalSection(SolutionProperties) = preSolution
		HideSolutionNode = FALSE
	EndGlobalSection
	GlobalSection(ExtensibilityGlobals) = postSolution
		SolutionGuid = {E28D6656-F0FE-461A-9421-D1DA70C54053}
	EndGlobalSection
EndGlobal
